
Microsoft Visual Studio Solution File, Format Version 12.00
# Visual Studio Version 17
VisualStudioVersion = 17.4.33110.190
MinimumVisualStudioVersion = 10.0.40219.1
Project("{FAE04EC0-301F-11D3-BF4B-00C04F79EFBC}") = "ProductFeedback.API", "ProductFeedback.API\ProductFeedback.API.csproj", "{807B9141-5A2E-4F39-84CB-D61F3E923089}"
EndProject
Global
	GlobalSection(SolutionConfigurationPlatforms) = preSolution
		Debug|Any CPU = Debug|Any CPU
		Release|Any CPU = Release|Any CPU
	EndGlobalSection
	GlobalSection(ProjectConfigurationPlatforms) = postSolution
		{807B9141-5A2E-4F39-84CB-D61F3E923089}.Debug|Any CPU.ActiveCfg = Debug|Any CPU
		{807B9141-5A2E-4F39-84CB-D61F3E923089}.Debug|Any CPU.Build.0 = Debug|Any CPU
		{807B9141-5A2E-4F39-84CB-D61F3E923089}.Release|Any CPU.ActiveCfg = Release|Any CPU
		{807B9141-5A2E-4F39-84CB-D61F3E923089}.Release|Any CPU.Build.0 = Release|Any CPU
	EndGlobalSection
	GlobalSection(SolutionProperties) = preSolution
		HideSolutionNode = FALSE
	EndGlobalSection
	GlobalSection(ExtensibilityGlobals) = postSolution
		SolutionGuid = {A17761C8-498E-4E2B-B2B0-BAACDC071700}
	EndGlobalSection
EndGlobal
